# This file is automatically @generated by Cargo.
# It is not intended for manual editing.
version = 4

[[package]]
name = "s3gate"
version = "0.1.0"
dependencies = [
 "s3gate-core",
 "s3gate-stream",
 "s3gate-types",
]

[[package]]
name = "s3gate-codegen"
version = "0.1.0"
dependencies = [
 "s3gate-model",
]

[[package]]
name = "s3gate-conformance"
version = "0.1.0"
dependencies = [
 "s3gate",
]

[[package]]
name = "s3gate-core"
version = "0.1.0"
dependencies = [
 "s3gate-http",
 "s3gate-sig",
 "s3gate-types",
]

[[package]]
name = "s3gate-http"
version = "0.1.0"
dependencies = [
 "s3gate-stream",
 "s3gate-types",
]

[[package]]
name = "s3gate-model"
version = "0.1.0"

[[package]]
name = "s3gate-sig"
version = "0.1.0"
dependencies = [
 "s3gate-http",
 "s3gate-types",
]

[[package]]
name = "s3gate-stream"
version = "0.1.0"

[[package]]
name = "s3gate-types"
version = "0.1.0"
dependencies = [
 "s3gate-stream",
 "s3gate-xml",
]

[[package]]
name = "s3gate-xml"
version = "0.1.0"

[[package]]
name = "xtask"
version = "0.1.0"
