{
  "version": 1,
  "dependencies": {
    "net8.0": {
      "AWSSDK.S3": {
        "type": "Direct",
        "requested": "[4.0.103.4, 4.0.103.4]",
        "resolved": "4.0.103.4",
        "contentHash": "qi8NkWG7s6GkNePTWSxP51O6AaTEWquin4X4L82plMte8bTFL2A1/osRfr6DBmvmSOc8y0orx25jJXg9gcbMIQ==",
        "dependencies": {
          "AWSSDK.Core": "[4.0.102.6, 5.0.0)"
        }
      },
      "AWSSDK.Core": {
        "type": "Transitive",
        "resolved": "4.0.102.6",
        "contentHash": "YwUi9qpz/OHqwEgsf8I5jj1aC/xkkjmF91R8Yx6yD66dhOiORgQJynYQk0fzI4xdhBgUaw8SRGbMkLRrvL+CNA=="
      }
    }
  }
}